
Microsoft Visual Studio Solution File, Format Version 12.00
# Visual Studio Version 17
VisualStudioVersion = 17.7.34202.233
MinimumVisualStudioVersion = 10.0.40219.1
Project("{FAE04EC0-301F-11D3-BF4B-00C04F79EFBC}") = "Toma_Alexandru_Lab2", "Toma_Alexandru_Lab2.csproj", "{19DAD9F6-4457-4668-9D09-DAE8C7940252}"
EndProject
Global
	GlobalSection(SolutionConfigurationPlatforms) = preSolution
		Debug|Any CPU = Debug|Any CPU
		Release|Any CPU = Release|Any CPU
	EndGlobalSection
	GlobalSection(ProjectConfigurationPlatforms) = postSolution
		{19DAD9F6-4457-4668-9D09-DAE8C7940252}.Debug|Any CPU.ActiveCfg = Debug|Any CPU
		{19DAD9F6-4457-4668-9D09-DAE8C7940252}.Debug|Any CPU.Build.0 = Debug|Any CPU
		{19DAD9F6-4457-4668-9D09-DAE8C7940252}.Release|Any CPU.ActiveCfg = Release|Any CPU
		{19DAD9F6-4457-4668-9D09-DAE8C7940252}.Release|Any CPU.Build.0 = Release|Any CPU
	EndGlobalSection
	GlobalSection(SolutionProperties) = preSolution
		HideSolutionNode = FALSE
	EndGlobalSection
	GlobalSection(ExtensibilityGlobals) = postSolution
		SolutionGuid = {9204BE01-38D3-4C34-BC39-355BB9895609}
	EndGlobalSection
EndGlobal
